
Microsoft Visual Studio Solution File, Format Version 12.00
# Visual Studio Version 17
VisualStudioVersion = 17.8.34525.116
MinimumVisualStudioVersion = 10.0.40219.1
Project("{FAE04EC0-301F-11D3-BF4B-00C04F79EFBC}") = "YSNotimon", "YSNotimon\YSNotimon.csproj", "{C8493081-6D8A-44F8-91D1-E24C90DECAFD}"
EndProject
Global
	GlobalSection(SolutionConfigurationPlatforms) = preSolution
		Debug|Any CPU = Debug|Any CPU
		Release|Any CPU = Release|Any CPU
	EndGlobalSection
	GlobalSection(ProjectConfigurationPlatforms) = postSolution
		{C8493081-6D8A-44F8-91D1-E24C90DECAFD}.Debug|Any CPU.ActiveCfg = Debug|Any CPU
		{C8493081-6D8A-44F8-91D1-E24C90DECAFD}.Debug|Any CPU.Build.0 = Debug|Any CPU
		{C8493081-6D8A-44F8-91D1-E24C90DECAFD}.Release|Any CPU.ActiveCfg = Release|Any CPU
		{C8493081-6D8A-44F8-91D1-E24C90DECAFD}.Release|Any CPU.Build.0 = Release|Any CPU
	EndGlobalSection
	GlobalSection(SolutionProperties) = preSolution
		HideSolutionNode = FALSE
	EndGlobalSection
	GlobalSection(ExtensibilityGlobals) = postSolution
		SolutionGuid = {CD9760A5-B4C8-4882-8294-3E1A14E9CDE2}
	EndGlobalSection
EndGlobal
